<?xml version="1.0" encoding="utf-8"?>
<Project ToolsVersion="4.0" xmlns="http://schemas.microsoft.com/developer/msbuild/2003">
  <ItemGroup>
    <Filter Include="Source Files">
      <UniqueIdentifier>{4FC737F1-C7A5-4376-A066-2A32D752A2FF}</UniqueIdentifier>
      <Extensions>cpp;c;cxx;def;odl;idl;hpj;bat;asm;asmx</Extensions>
    </Filter>
    <Filter Include="Header Files">
      <UniqueIdentifier>{93995380-89BD-4b04-88EB-625FBE52EBFB}</UniqueIdentifier>
      <Extensions>h;hpp;hxx;hm;inl;inc;xsd</Extensions>
    </Filter>
    <Filter Include="Resource Files">
      <UniqueIdentifier>{67DA6AB6-F800-4c08-8B7A-83BB121AAD01}</UniqueIdentifier>
      <Extensions>rc;ico;cur;bmp;dlg;rc2;rct;bin;rgs;gif;jpg;jpeg;jpe;resx</Extensions>
    </Filter>
    <Filter Include="rtfscommon">
      <UniqueIdentifier>{5e9f028c-5c51-4f6e-a876-a28c58824ff3}</UniqueIdentifier>
    </Filter>
    <Filter Include="rtfscommon\source">
      <UniqueIdentifier>{7b23c8c1-34cb-48b5-b553-12597d2cddd8}</UniqueIdentifier>
    </Filter>
    <Filter Include="rtfscommon\apps">
      <UniqueIdentifier>{2240dd0f-1300-4051-bb88-317a2b37b2c3}</UniqueIdentifier>
    </Filter>
    <Filter Include="rtfstargets">
      <UniqueIdentifier>{64285ac7-002a-41ae-8c82-cf575e1b5866}</UniqueIdentifier>
    </Filter>
    <Filter Include="rtfsdrivers">
      <UniqueIdentifier>{fc82a320-59c8-490d-ac44-fa59481c0496}</UniqueIdentifier>
    </Filter>
    <Filter Include="rtfsdrivers\ata">
      <UniqueIdentifier>{77316d56-4498-4b31-8324-3df7c1dc65d6}</UniqueIdentifier>
    </Filter>
    <Filter Include="rtfsdrivers\smartmedia">
      <UniqueIdentifier>{83802f67-c9ff-4dfa-bb83-e4feb0a0ed1d}</UniqueIdentifier>
    </Filter>
    <Filter Include="rtfsdrivers\floppy">
      <UniqueIdentifier>{730e3262-bed9-4d05-a75d-ce0fe2102a8f}</UniqueIdentifier>
    </Filter>
    <Filter Include="rtfsdrivers\hostdisk">
      <UniqueIdentifier>{36e6b848-1517-4df5-b367-986fd26e65ba}</UniqueIdentifier>
    </Filter>
    <Filter Include="rtfsdrivers\mmc">
      <UniqueIdentifier>{71909c73-ad84-4b3a-8d62-9ff93a219f44}</UniqueIdentifier>
    </Filter>
    <Filter Include="rtfsdrivers\norflash">
      <UniqueIdentifier>{1f083ba8-f47e-4057-bbd5-d51f97dde4ce}</UniqueIdentifier>
    </Filter>
    <Filter Include="rtfsdrivers\pcmcia">
      <UniqueIdentifier>{64d76a84-3901-4682-a0f8-940d89e253c2}</UniqueIdentifier>
    </Filter>
    <Filter Include="rtfsdrivers\ramdisk">
      <UniqueIdentifier>{d194ade2-796a-4540-b6bc-e800166c0b59}</UniqueIdentifier>
    </Filter>
    <Filter Include="rtfsdrivers\romdisk">
      <UniqueIdentifier>{36d7b2a7-80d3-4eb0-918f-7d2de1208e0a}</UniqueIdentifier>
    </Filter>
    <Filter Include="rtfsdrivers\hostdev">
      <UniqueIdentifier>{a1b377fb-18ec-4c1f-9111-fabd8c6d1a2c}</UniqueIdentifier>
    </Filter>
    <Filter Include="rtfsdrivers\v10devwrap">
      <UniqueIdentifier>{c2e9afe2-efe7-49f1-a7ad-4e9208945dea}</UniqueIdentifier>
    </Filter>
    <Filter Include="rtfspro">
      <UniqueIdentifier>{eadc4354-14b7-4679-b342-1737737174b5}</UniqueIdentifier>
    </Filter>
  </ItemGroup>
  <ItemGroup>
    <ClCompile Include="..\source\rtfscallbacks.c">
      <Filter>Source Files</Filter>
    </ClCompile>
    <ClCompile Include="..\source\rtfsconfig.c">
      <Filter>Source Files</Filter>
    </ClCompile>
    <ClCompile Include="rtfsdemo.cpp">
      <Filter>Source Files</Filter>
    </ClCompile>
    <ClCompile Include="..\source\runrtfsdemo.c">
      <Filter>Source Files</Filter>
    </ClCompile>
    <ClCompile Include="stdafx.cpp">
      <Filter>Source Files</Filter>
    </ClCompile>
    <ClCompile Include="..\..\..\rtfscommon\source\apickdsk.c">
      <Filter>rtfscommon\source</Filter>
    </ClCompile>
    <ClCompile Include="..\..\..\rtfscommon\source\apideltr.c">
      <Filter>rtfscommon\source</Filter>
    </ClCompile>
    <ClCompile Include="..\..\..\rtfscommon\source\apidirent.c">
      <Filter>rtfscommon\source</Filter>
    </ClCompile>
    <ClCompile Include="..\..\..\rtfscommon\source\apidiskclose.c">
      <Filter>rtfscommon\source</Filter>
    </ClCompile>
    <ClCompile Include="..\..\..\rtfscommon\source\apidiskflush.c">
      <Filter>rtfscommon\source</Filter>
    </ClCompile>
    <ClCompile Include="..\..\..\rtfscommon\source\apidiskinford.c">
      <Filter>rtfscommon\source</Filter>
    </ClCompile>
    <ClCompile Include="..\..\..\rtfscommon\source\apienum.c">
      <Filter>rtfscommon\source</Filter>
    </ClCompile>
    <ClCompile Include="..\..\..\rtfscommon\source\apifilmv.c">
      <Filter>rtfscommon\source</Filter>
    </ClCompile>
    <ClCompile Include="..\..\..\rtfscommon\source\apifrmat.c">
      <Filter>rtfscommon\source</Filter>
    </ClCompile>
    <ClCompile Include="..\..\..\rtfscommon\source\apigetwd.c">
      <Filter>rtfscommon\source</Filter>
    </ClCompile>
    <ClCompile Include="..\..\..\rtfscommon\source\apigfrst.c">
      <Filter>rtfscommon\source</Filter>
    </ClCompile>
    <ClCompile Include="..\..\..\rtfscommon\source\apigread.c">
      <Filter>rtfscommon\source</Filter>
    </ClCompile>
    <ClCompile Include="..\..\..\rtfscommon\source\apiinfo.c">
      <Filter>rtfscommon\source</Filter>
    </ClCompile>
    <ClCompile Include="..\..\..\rtfscommon\source\apiinit.c">
      <Filter>rtfscommon\source</Filter>
    </ClCompile>
    <ClCompile Include="..\..\..\rtfscommon\source\apimkdir.c">
      <Filter>rtfscommon\source</Filter>
    </ClCompile>
    <ClCompile Include="..\..\..\rtfscommon\source\apinandregress.c">
      <Filter>rtfscommon\source</Filter>
    </ClCompile>
    <ClCompile Include="..\..\..\rtfscommon\source\apipartition.c">
      <Filter>rtfscommon\source</Filter>
    </ClCompile>
    <ClCompile Include="..\..\..\rtfscommon\source\apiregrs.c">
      <Filter>rtfscommon\source</Filter>
    </ClCompile>
    <ClCompile Include="..\..\..\rtfscommon\source\apisetattr.c">
      <Filter>rtfscommon\source</Filter>
    </ClCompile>
    <ClCompile Include="..\..\..\rtfscommon\source\apisetvol.c">
      <Filter>rtfscommon\source</Filter>
    </ClCompile>
    <ClCompile Include="..\..\..\rtfscommon\source\apisetwd.c">
      <Filter>rtfscommon\source</Filter>
    </ClCompile>
    <ClCompile Include="..\..\..\rtfscommon\source\apistat.c">
      <Filter>rtfscommon\source</Filter>
    </ClCompile>
    <ClCompile Include="..\..\..\rtfscommon\source\apiunlink.c">
      <Filter>rtfscommon\source</Filter>
    </ClCompile>
    <ClCompile Include="..\..\..\rtfscommon\source\csasciird.c">
      <Filter>rtfscommon\source</Filter>
    </ClCompile>
    <ClCompile Include="..\..\..\rtfscommon\source\csasciiwr.c">
      <Filter>rtfscommon\source</Filter>
    </ClCompile>
    <ClCompile Include="..\..\..\rtfscommon\source\cscommon.c">
      <Filter>rtfscommon\source</Filter>
    </ClCompile>
    <ClCompile Include="..\..\..\rtfscommon\source\csjisrd.c">
      <Filter>rtfscommon\source</Filter>
    </ClCompile>
    <ClCompile Include="..\..\..\rtfscommon\source\csjistab.c">
      <Filter>rtfscommon\source</Filter>
    </ClCompile>
    <ClCompile Include="..\..\..\rtfscommon\source\csjiswr.c">
      <Filter>rtfscommon\source</Filter>
    </ClCompile>
    <ClCompile Include="..\..\..\rtfscommon\source\csstrtab.c">
      <Filter>rtfscommon\source</Filter>
    </ClCompile>
    <ClCompile Include="..\..\..\rtfscommon\source\drdynamic.c">
      <Filter>rtfscommon\source</Filter>
    </ClCompile>
    <ClCompile Include="..\..\..\rtfscommon\source\prbasicemurd.c">
      <Filter>rtfscommon\source</Filter>
    </ClCompile>
    <ClCompile Include="..\..\..\rtfscommon\source\prbasicemuwr.c">
      <Filter>rtfscommon\source</Filter>
    </ClCompile>
    <ClCompile Include="..\..\..\rtfscommon\source\rtdblockrd.c">
      <Filter>rtfscommon\source</Filter>
    </ClCompile>
    <ClCompile Include="..\..\..\rtfscommon\source\rtdblockwr.c">
      <Filter>rtfscommon\source</Filter>
    </ClCompile>
    <ClCompile Include="..\..\..\rtfscommon\source\rtdeviord.c">
      <Filter>rtfscommon\source</Filter>
    </ClCompile>
    <ClCompile Include="..\..\..\rtfscommon\source\rtdeviowr.c">
      <Filter>rtfscommon\source</Filter>
    </ClCompile>
    <ClCompile Include="..\..\..\rtfscommon\source\rtdrobjrd.c">
      <Filter>rtfscommon\source</Filter>
    </ClCompile>
    <ClCompile Include="..\..\..\rtfscommon\source\rtdrobjwr.c">
      <Filter>rtfscommon\source</Filter>
    </ClCompile>
    <ClCompile Include="..\..\..\rtfscommon\source\rteraseblock.c">
      <Filter>rtfscommon\source</Filter>
    </ClCompile>
    <ClCompile Include="..\..\..\rtfscommon\source\rtfatdrvrd.c">
      <Filter>rtfscommon\source</Filter>
    </ClCompile>
    <ClCompile Include="..\..\..\rtfscommon\source\rtfatdrvwr.c">
      <Filter>rtfscommon\source</Filter>
    </ClCompile>
    <ClCompile Include="..\..\..\rtfscommon\source\rtfblockrd.c">
      <Filter>rtfscommon\source</Filter>
    </ClCompile>
    <ClCompile Include="..\..\..\rtfscommon\source\rtfblockwr.c">
      <Filter>rtfscommon\source</Filter>
    </ClCompile>
    <ClCompile Include="..\..\..\rtfscommon\source\rtfilebuffer.c">
      <Filter>rtfscommon\source</Filter>
    </ClCompile>
    <ClCompile Include="..\..\..\rtfscommon\source\rtfragmtrd.c">
      <Filter>rtfscommon\source</Filter>
    </ClCompile>
    <ClCompile Include="..\..\..\rtfscommon\source\rtfsbasicrd.c">
      <Filter>rtfscommon\source</Filter>
    </ClCompile>
    <ClCompile Include="..\..\..\rtfscommon\source\rtfsbasicwr.c">
      <Filter>rtfscommon\source</Filter>
    </ClCompile>
    <ClCompile Include="..\..\..\rtfscommon\source\rtfsgluerd.c">
      <Filter>rtfscommon\source</Filter>
    </ClCompile>
    <ClCompile Include="..\..\..\rtfscommon\source\rtfsgluewr.c">
      <Filter>rtfscommon\source</Filter>
    </ClCompile>
    <ClCompile Include="..\..\..\rtfscommon\source\rtkernfn.c">
      <Filter>rtfscommon\source</Filter>
    </ClCompile>
    <ClCompile Include="..\..\..\rtfscommon\source\rtleakcheck.c">
      <Filter>rtfscommon\source</Filter>
    </ClCompile>
    <ClCompile Include="..\..\..\rtfscommon\source\rtlowl.c">
      <Filter>rtfscommon\source</Filter>
    </ClCompile>
    <ClCompile Include="..\..\..\rtfscommon\source\rtnvfatrd.c">
      <Filter>rtfscommon\source</Filter>
    </ClCompile>
    <ClCompile Include="..\..\..\rtfscommon\source\rtnvfatwr.c">
      <Filter>rtfscommon\source</Filter>
    </ClCompile>
    <ClCompile Include="..\..\..\rtfscommon\source\rttermin.c">
      <Filter>rtfscommon\source</Filter>
    </ClCompile>
    <ClCompile Include="..\..\..\rtfscommon\source\rtutbyte.c">
      <Filter>rtfscommon\source</Filter>
    </ClCompile>
    <ClCompile Include="..\..\..\rtfscommon\source\rtutil.c">
      <Filter>rtfscommon\source</Filter>
    </ClCompile>
    <ClCompile Include="..\..\..\rtfscommon\apps\appcmdfs.c">
      <Filter>rtfscommon\apps</Filter>
    </ClCompile>
    <ClCompile Include="..\..\..\rtfscommon\apps\appcmdshformat.c">
      <Filter>rtfscommon\apps</Filter>
    </ClCompile>
    <ClCompile Include="..\..\..\rtfscommon\apps\appcmdshrd.c">
      <Filter>rtfscommon\apps</Filter>
    </ClCompile>
    <ClCompile Include="..\..\..\rtfscommon\apps\appcmdshwr.c">
      <Filter>rtfscommon\apps</Filter>
    </ClCompile>
    <ClCompile Include="..\..\..\rtfscommon\apps\apputil.c">
      <Filter>rtfscommon\apps</Filter>
    </ClCompile>
    <ClCompile Include="..\..\..\rtfstargets\template\portio.c">
      <Filter>rtfstargets</Filter>
    </ClCompile>
    <ClCompile Include="..\..\..\rtfstargets\windows.krn\portkern.c">
      <Filter>rtfstargets</Filter>
    </ClCompile>
    <ClCompile Include="..\..\..\rtfsdrivers\ata\drideata.c">
      <Filter>rtfsdrivers\ata</Filter>
    </ClCompile>
    <ClCompile Include="..\..\..\rtfsdrivers\smartmedia\smartapi.c">
      <Filter>rtfsdrivers\smartmedia</Filter>
    </ClCompile>
    <ClCompile Include="..\..\..\rtfsdrivers\smartmedia\smartecc.c">
      <Filter>rtfsdrivers\smartmedia</Filter>
    </ClCompile>
    <ClCompile Include="..\..\..\rtfsdrivers\smartmedia\smarthw.c">
      <Filter>rtfsdrivers\smartmedia</Filter>
    </ClCompile>
    <ClCompile Include="..\..\..\rtfsdrivers\smartmedia\smartmed.c">
      <Filter>rtfsdrivers\smartmedia</Filter>
    </ClCompile>
    <ClCompile Include="..\..\..\rtfsdrivers\smartmedia\smtmedia.c">
      <Filter>rtfsdrivers\smartmedia</Filter>
    </ClCompile>
    <ClCompile Include="..\..\..\rtfsdrivers\floppy\drfloppy.c">
      <Filter>rtfsdrivers\floppy</Filter>
    </ClCompile>
    <ClCompile Include="..\..\..\rtfsdrivers\hostdisk\drhostdsk.c">
      <Filter>rtfsdrivers\hostdisk</Filter>
    </ClCompile>
    <ClCompile Include="..\..\..\rtfsdrivers\mmc\drmmccrd.c">
      <Filter>rtfsdrivers\mmc</Filter>
    </ClCompile>
    <ClCompile Include="..\..\..\rtfsdrivers\norflash\drflsftl.c">
      <Filter>rtfsdrivers\norflash</Filter>
    </ClCompile>
    <ClCompile Include="..\..\..\rtfsdrivers\norflash\drflsmtd.c">
      <Filter>rtfsdrivers\norflash</Filter>
    </ClCompile>
    <ClCompile Include="..\..\..\rtfsdrivers\pcmcia\drpcmcia.c">
      <Filter>rtfsdrivers\pcmcia</Filter>
    </ClCompile>
    <ClCompile Include="..\..\..\rtfsdrivers\pcmcia\drpcmctl.c">
      <Filter>rtfsdrivers\pcmcia</Filter>
    </ClCompile>
    <ClCompile Include="..\..\..\rtfsdrivers\pcmcia\drpcmram.c">
      <Filter>rtfsdrivers\pcmcia</Filter>
    </ClCompile>
    <ClCompile Include="..\..\..\rtfsdrivers\ramdisk\drramdsk.c">
      <Filter>rtfsdrivers\ramdisk</Filter>
    </ClCompile>
    <ClCompile Include="..\..\..\rtfsdrivers\romdisk\drromdsk.c">
      <Filter>rtfsdrivers\romdisk</Filter>
    </ClCompile>
    <ClCompile Include="..\..\..\rtfsdrivers\hostdev\drwindev.c">
      <Filter>rtfsdrivers\hostdev</Filter>
    </ClCompile>
    <ClCompile Include="..\..\..\rtfsdrivers\v10devwrap\apicnfig.c">
      <Filter>rtfsdrivers\v10devwrap</Filter>
    </ClCompile>
    <ClCompile Include="..\..\..\rtfsdrivers\v10devwrap\apirun.c">
      <Filter>rtfsdrivers\v10devwrap</Filter>
    </ClCompile>
    <ClCompile Include="..\..\..\rtfsdrivers\v10devwrap\v10glue.c">
      <Filter>rtfsdrivers\v10devwrap</Filter>
    </ClCompile>
    <ClCompile Include="..\..\..\rtfspro\csunicodrd.c">
      <Filter>rtfspro</Filter>
    </ClCompile>
    <ClCompile Include="..\..\..\rtfspro\csunicodwr.c">
      <Filter>rtfspro</Filter>
    </ClCompile>
    <ClCompile Include="..\..\..\rtfspro\rtfat32rd.c">
      <Filter>rtfspro</Filter>
    </ClCompile>
    <ClCompile Include="..\..\..\rtfspro\rtfat32wr.c">
      <Filter>rtfspro</Filter>
    </ClCompile>
    <ClCompile Include="..\..\..\rtfspro\rtfragmtwr.c">
      <Filter>rtfspro</Filter>
    </ClCompile>
    <ClCompile Include="..\..\..\rtfspro\rtfreemanager.c">
      <Filter>rtfspro</Filter>
    </ClCompile>
    <ClCompile Include="..\..\..\rtfspro\rtvfatrd.c">
      <Filter>rtfspro</Filter>
    </ClCompile>
    <ClCompile Include="..\..\..\rtfspro\rtvfatwr.c">
      <Filter>rtfspro</Filter>
    </ClCompile>
    <ClCompile Include="..\..\..\rtfsdrivers\v10devwrap\apiinitv10.c">
      <Filter>rtfsdrivers\v10devwrap</Filter>
    </ClCompile>
  </ItemGroup>
  <ItemGroup>
    <ClInclude Include="resource.h">
      <Filter>Header Files</Filter>
    </ClInclude>
    <ClInclude Include="stdafx.h">
      <Filter>Header Files</Filter>
    </ClInclude>
  </ItemGroup>
  <ItemGroup>
    <None Include="app.ico">
      <Filter>Resource Files</Filter>
    </None>
    <None Include="ReadMe.txt">
      <Filter>rtfspro</Filter>
    </None>
  </ItemGroup>
  <ItemGroup>
    <ResourceCompile Include="app.rc">
      <Filter>Resource Files</Filter>
    </ResourceCompile>
  </ItemGroup>
</Project>