Microsoft Visual Studio Solution File, Format Version 11.00
# Visual C++ Express 2010
Project("{8BC9CEB8-8B4A-11D0-8D11-00A0C91BC942}") = "rtfsdemo", "rtfsdemo.vcxproj", "{4B3C026E-9AD4-4907-84F4-DC61DF5D01FA}"
EndProject
Global
	GlobalSection(SolutionConfigurationPlatforms) = preSolution
		Debug|Win32 = Debug|Win32
		Release|Win32 = Release|Win32
	EndGlobalSection
	GlobalSection(ProjectConfigurationPlatforms) = postSolution
		{4B3C026E-9AD4-4907-84F4-DC61DF5D01FA}.Debug|Win32.ActiveCfg = Debug|Win32
		{4B3C026E-9AD4-4907-84F4-DC61DF5D01FA}.Debug|Win32.Build.0 = Debug|Win32
		{4B3C026E-9AD4-4907-84F4-DC61DF5D01FA}.Release|Win32.ActiveCfg = Debug|Win32
		{4B3C026E-9AD4-4907-84F4-DC61DF5D01FA}.Release|Win32.Build.0 = Debug|Win32
	EndGlobalSection
	GlobalSection(SolutionProperties) = preSolution
		HideSolutionNode = FALSE
	EndGlobalSection
EndGlobal
